
Microsoft Visual Studio Solution File, Format Version 12.00
# Visual Studio 2013
VisualStudioVersion = 12.0.40629.0
MinimumVisualStudioVersion = 10.0.40219.1
Project("{FAE04EC0-301F-11D3-BF4B-00C04F79EFBC}") = "NsbServiceHostBasedGatewayWithSaga.Messages", "NsbServiceHostBasedGatewayWithSaga.Messages\NsbServiceHostBasedGatewayWithSaga.Messages.csproj", "{8D236211-7E60-4B3F-80A6-CEB4C6BD441F}"
EndProject
Project("{FAE04EC0-301F-11D3-BF4B-00C04F79EFBC}") = "NsbServiceHostBasedGatewayWithSaga.Client", "NsbServiceHostBasedGatewayWithSaga.Client\NsbServiceHostBasedGatewayWithSaga.Client.csproj", "{B5CAF81D-026B-4B9C-9DFF-7905C57F1495}"
EndProject
Project("{FAE04EC0-301F-11D3-BF4B-00C04F79EFBC}") = "NsbServiceHostBasedGatewayWithSaga.LocalSite", "NsbServiceHostBasedGatewayWithSaga.LocalSite\NsbServiceHostBasedGatewayWithSaga.LocalSite.csproj", "{608F23F3-2596-4286-B2E5-B7DE80EF401E}"
EndProject
Project("{FAE04EC0-301F-11D3-BF4B-00C04F79EFBC}") = "NsbServiceHostBasedGatewayWithSaga.RemoteSite", "NsbServiceHostBasedGatewayWithSaga.RemoteSite\NsbServiceHostBasedGatewayWithSaga.RemoteSite.csproj", "{D570025E-7C5F-49FE-ACCB-4EA650CCDB26}"
EndProject
Global
	GlobalSection(SolutionConfigurationPlatforms) = preSolution
		Debug|Any CPU = Debug|Any CPU
		Release|Any CPU = Release|Any CPU
	EndGlobalSection
	GlobalSection(ProjectConfigurationPlatforms) = postSolution
		{8D236211-7E60-4B3F-80A6-CEB4C6BD441F}.Debug|Any CPU.ActiveCfg = Debug|Any CPU
		{8D236211-7E60-4B3F-80A6-CEB4C6BD441F}.Debug|Any CPU.Build.0 = Debug|Any CPU
		{8D236211-7E60-4B3F-80A6-CEB4C6BD441F}.Release|Any CPU.ActiveCfg = Release|Any CPU
		{8D236211-7E60-4B3F-80A6-CEB4C6BD441F}.Release|Any CPU.Build.0 = Release|Any CPU
		{B5CAF81D-026B-4B9C-9DFF-7905C57F1495}.Debug|Any CPU.ActiveCfg = Debug|Any CPU
		{B5CAF81D-026B-4B9C-9DFF-7905C57F1495}.Debug|Any CPU.Build.0 = Debug|Any CPU
		{B5CAF81D-026B-4B9C-9DFF-7905C57F1495}.Release|Any CPU.ActiveCfg = Release|Any CPU
		{B5CAF81D-026B-4B9C-9DFF-7905C57F1495}.Release|Any CPU.Build.0 = Release|Any CPU
		{608F23F3-2596-4286-B2E5-B7DE80EF401E}.Debug|Any CPU.ActiveCfg = Debug|Any CPU
		{608F23F3-2596-4286-B2E5-B7DE80EF401E}.Debug|Any CPU.Build.0 = Debug|Any CPU
		{608F23F3-2596-4286-B2E5-B7DE80EF401E}.Release|Any CPU.ActiveCfg = Release|Any CPU
		{608F23F3-2596-4286-B2E5-B7DE80EF401E}.Release|Any CPU.Build.0 = Release|Any CPU
		{D570025E-7C5F-49FE-ACCB-4EA650CCDB26}.Debug|Any CPU.ActiveCfg = Debug|Any CPU
		{D570025E-7C5F-49FE-ACCB-4EA650CCDB26}.Debug|Any CPU.Build.0 = Debug|Any CPU
		{D570025E-7C5F-49FE-ACCB-4EA650CCDB26}.Release|Any CPU.ActiveCfg = Release|Any CPU
		{D570025E-7C5F-49FE-ACCB-4EA650CCDB26}.Release|Any CPU.Build.0 = Release|Any CPU
	EndGlobalSection
	GlobalSection(SolutionProperties) = preSolution
		HideSolutionNode = FALSE
	EndGlobalSection
EndGlobal
